// !$*UTF8*$!
{
	archiveVersion = 1;
	classes = {
	};
	objectVersion = 50;
	objects = {

/* Begin PBXBuildFile section */
		BE0A521624D64A5C008913F4 /* Localizable.strings in Resources */ = {isa = PBXBuildFile; fileRef = BE0A521824D64A5C008913F4 /* Localizable.strings */; };
		BE4CD8F224B62CCB006140C3 /* ShotEditorView.swift in Sources */ = {isa = PBXBuildFile; fileRef = BE4CD8F124B62CCB006140C3 /* ShotEditorView.swift */; };
		BE4CD8F424B6A595006140C3 /* SongEditorView.swift in Sources */ = {isa = PBXBuildFile; fileRef = BE4CD8F324B6A595006140C3 /* SongEditorView.swift */; };
		BE4CD8F624B6A5C4006140C3 /* FormationEditorView.swift in Sources */ = {isa = PBXBuildFile; fileRef = BE4CD8F524B6A5C4006140C3 /* FormationEditorView.swift */; };
		BE4CD8F824B6A6D3006140C3 /* ProjectModel.swift in Sources */ = {isa = PBXBuildFile; fileRef = BE4CD8F724B6A6D3006140C3 /* ProjectModel.swift */; };
		BE4CD8FA24B6A6EA006140C3 /* SongModel.swift in Sources */ = {isa = PBXBuildFile; fileRef = BE4CD8F924B6A6EA006140C3 /* SongModel.swift */; };
		BE4CD8FE24B6A6FF006140C3 /* ShotModel.swift in Sources */ = {isa = PBXBuildFile; fileRef = BE4CD8FD24B6A6FF006140C3 /* ShotModel.swift */; };
		BE4CD90024B6A707006140C3 /* FormationModel.swift in Sources */ = {isa = PBXBuildFile; fileRef = BE4CD8FF24B6A707006140C3 /* FormationModel.swift */; };
		BE4CD90224B6BB66006140C3 /* CharacterModel.swift in Sources */ = {isa = PBXBuildFile; fileRef = BE4CD90124B6BB65006140C3 /* CharacterModel.swift */; };
		BE4CD90524B6D513006140C3 /* FormationViewModel.swift in Sources */ = {isa = PBXBuildFile; fileRef = BE4CD90424B6D513006140C3 /* FormationViewModel.swift */; };
		BE4CD90724B6DD90006140C3 /* ProjectViewModel.swift in Sources */ = {isa = PBXBuildFile; fileRef = BE4CD90624B6DD90006140C3 /* ProjectViewModel.swift */; };
		BE5EFFC324B708650064BA18 /* RegExp.swift in Sources */ = {isa = PBXBuildFile; fileRef = BE5EFFC224B708650064BA18 /* RegExp.swift */; };
		BE5EFFC524B72D250064BA18 /* SongViewModel.swift in Sources */ = {isa = PBXBuildFile; fileRef = BE5EFFC424B72D250064BA18 /* SongViewModel.swift */; };
		BE5EFFC724B72D9D0064BA18 /* ShotViewModel.swift in Sources */ = {isa = PBXBuildFile; fileRef = BE5EFFC624B72D9D0064BA18 /* ShotViewModel.swift */; };
		BE83F94F24AB389600F4015F /* AppDelegate.swift in Sources */ = {isa = PBXBuildFile; fileRef = BE83F94E24AB389600F4015F /* AppDelegate.swift */; };
		BE83F95124AB389600F4015F /* SceneDelegate.swift in Sources */ = {isa = PBXBuildFile; fileRef = BE83F95024AB389600F4015F /* SceneDelegate.swift */; };
		BE83F95624AB389600F4015F /* DashboardView.swift in Sources */ = {isa = PBXBuildFile; fileRef = BE83F95524AB389600F4015F /* DashboardView.swift */; };
		BE83F95824AB389600F4015F /* Assets.xcassets in Resources */ = {isa = PBXBuildFile; fileRef = BE83F95724AB389600F4015F /* Assets.xcassets */; };
		BE83F95B24AB389600F4015F /* Preview Assets.xcassets in Resources */ = {isa = PBXBuildFile; fileRef = BE83F95A24AB389600F4015F /* Preview Assets.xcassets */; };
		BE83F95E24AB389600F4015F /* LaunchScreen.storyboard in Resources */ = {isa = PBXBuildFile; fileRef = BE83F95C24AB389600F4015F /* LaunchScreen.storyboard */; };
		BE83F96924AB389600F4015F /* shonichiTests.swift in Sources */ = {isa = PBXBuildFile; fileRef = BE83F96824AB389600F4015F /* shonichiTests.swift */; };
		BE83F97424AB389600F4015F /* shonichiUITests.swift in Sources */ = {isa = PBXBuildFile; fileRef = BE83F97324AB389600F4015F /* shonichiUITests.swift */; };
		BEAFE5C424BBD8BB009A1792 /* CharacterViewModel.swift in Sources */ = {isa = PBXBuildFile; fileRef = BEAFE5C324BBD8BB009A1792 /* CharacterViewModel.swift */; };
		BEAFE5C624BBD923009A1792 /* ModelView.swift in Sources */ = {isa = PBXBuildFile; fileRef = BEAFE5C524BBD923009A1792 /* ModelView.swift */; };
		BEB32B4224B8E40F004068C8 /* shonichi.xcdatamodeld in Sources */ = {isa = PBXBuildFile; fileRef = BEB32B4024B8E40F004068C8 /* shonichi.xcdatamodeld */; };
/* End PBXBuildFile section */

/* Begin PBXContainerItemProxy section */
		BE83F96524AB389600F4015F /* PBXContainerItemProxy */ = {
			isa = PBXContainerItemProxy;
			containerPortal = BE83F94324AB389600F4015F /* Project object */;
			proxyType = 1;
			remoteGlobalIDString = BE83F94A24AB389600F4015F;
			remoteInfo = shonichi;
		};
		BE83F97024AB389600F4015F /* PBXContainerItemProxy */ = {
			isa = PBXContainerItemProxy;
			containerPortal = BE83F94324AB389600F4015F /* Project object */;
			proxyType = 1;
			remoteGlobalIDString = BE83F94A24AB389600F4015F;
			remoteInfo = shonichi;
		};
/* End PBXContainerItemProxy section */

/* Begin PBXFileReference section */
		BE0A521724D64A5C008913F4 /* en */ = {isa = PBXFileReference; lastKnownFileType = text.plist.strings; name = en; path = en.lproj/Localizable.strings; sourceTree = "<group>"; };
		BE4CD8F124B62CCB006140C3 /* ShotEditorView.swift */ = {isa = PBXFileReference; lastKnownFileType = sourcecode.swift; name = ShotEditorView.swift; path = shonichi/Views/ShotEditorView.swift; sourceTree = SOURCE_ROOT; };
		BE4CD8F324B6A595006140C3 /* SongEditorView.swift */ = {isa = PBXFileReference; lastKnownFileType = sourcecode.swift; name = SongEditorView.swift; path = shonichi/Views/SongEditorView.swift; sourceTree = SOURCE_ROOT; };
		BE4CD8F524B6A5C4006140C3 /* FormationEditorView.swift */ = {isa = PBXFileReference; lastKnownFileType = sourcecode.swift; path = FormationEditorView.swift; sourceTree = "<group>"; };
		BE4CD8F724B6A6D3006140C3 /* ProjectModel.swift */ = {isa = PBXFileReference; lastKnownFileType = sourcecode.swift; path = ProjectModel.swift; sourceTree = "<group>"; };
		BE4CD8F924B6A6EA006140C3 /* SongModel.swift */ = {isa = PBXFileReference; lastKnownFileType = sourcecode.swift; path = SongModel.swift; sourceTree = "<group>"; };
		BE4CD8FD24B6A6FF006140C3 /* ShotModel.swift */ = {isa = PBXFileReference; lastKnownFileType = sourcecode.swift; path = ShotModel.swift; sourceTree = "<group>"; };
		BE4CD8FF24B6A707006140C3 /* FormationModel.swift */ = {isa = PBXFileReference; lastKnownFileType = sourcecode.swift; path = FormationModel.swift; sourceTree = "<group>"; };
		BE4CD90124B6BB65006140C3 /* CharacterModel.swift */ = {isa = PBXFileReference; lastKnownFileType = sourcecode.swift; path = CharacterModel.swift; sourceTree = "<group>"; };
		BE4CD90324B6C707006140C3 /* shonichi.entitlements */ = {isa = PBXFileReference; lastKnownFileType = text.plist.entitlements; path = shonichi.entitlements; sourceTree = "<group>"; };
		BE4CD90424B6D513006140C3 /* FormationViewModel.swift */ = {isa = PBXFileReference; lastKnownFileType = sourcecode.swift; path = FormationViewModel.swift; sourceTree = "<group>"; };
		BE4CD90624B6DD90006140C3 /* ProjectViewModel.swift */ = {isa = PBXFileReference; lastKnownFileType = sourcecode.swift; path = ProjectViewModel.swift; sourceTree = "<group>"; };
		BE5EFFC224B708650064BA18 /* RegExp.swift */ = {isa = PBXFileReference; lastKnownFileType = sourcecode.swift; path = RegExp.swift; sourceTree = "<group>"; };
		BE5EFFC424B72D250064BA18 /* SongViewModel.swift */ = {isa = PBXFileReference; lastKnownFileType = sourcecode.swift; path = SongViewModel.swift; sourceTree = "<group>"; };
		BE5EFFC624B72D9D0064BA18 /* ShotViewModel.swift */ = {isa = PBXFileReference; lastKnownFileType = sourcecode.swift; path = ShotViewModel.swift; sourceTree = "<group>"; };
		BE83F94B24AB389600F4015F /* shonichi.app */ = {isa = PBXFileReference; explicitFileType = wrapper.application; includeInIndex = 0; path = shonichi.app; sourceTree = BUILT_PRODUCTS_DIR; };
		BE83F94E24AB389600F4015F /* AppDelegate.swift */ = {isa = PBXFileReference; lastKnownFileType = sourcecode.swift; path = AppDelegate.swift; sourceTree = "<group>"; };
		BE83F95024AB389600F4015F /* SceneDelegate.swift */ = {isa = PBXFileReference; lastKnownFileType = sourcecode.swift; path = SceneDelegate.swift; sourceTree = "<group>"; };
		BE83F95524AB389600F4015F /* DashboardView.swift */ = {isa = PBXFileReference; lastKnownFileType = sourcecode.swift; path = DashboardView.swift; sourceTree = "<group>"; };
		BE83F95724AB389600F4015F /* Assets.xcassets */ = {isa = PBXFileReference; lastKnownFileType = folder.assetcatalog; path = Assets.xcassets; sourceTree = "<group>"; };
		BE83F95A24AB389600F4015F /* Preview Assets.xcassets */ = {isa = PBXFileReference; lastKnownFileType = folder.assetcatalog; path = "Preview Assets.xcassets"; sourceTree = "<group>"; };
		BE83F95D24AB389600F4015F /* Base */ = {isa = PBXFileReference; lastKnownFileType = file.storyboard; name = Base; path = Base.lproj/LaunchScreen.storyboard; sourceTree = "<group>"; };
		BE83F95F24AB389600F4015F /* Info.plist */ = {isa = PBXFileReference; lastKnownFileType = text.plist.xml; path = Info.plist; sourceTree = "<group>"; };
		BE83F96424AB389600F4015F /* shonichiTests.xctest */ = {isa = PBXFileReference; explicitFileType = wrapper.cfbundle; includeInIndex = 0; path = shonichiTests.xctest; sourceTree = BUILT_PRODUCTS_DIR; };
		BE83F96824AB389600F4015F /* shonichiTests.swift */ = {isa = PBXFileReference; lastKnownFileType = sourcecode.swift; path = shonichiTests.swift; sourceTree = "<group>"; };
		BE83F96A24AB389600F4015F /* Info.plist */ = {isa = PBXFileReference; lastKnownFileType = text.plist.xml; path = Info.plist; sourceTree = "<group>"; };
		BE83F96F24AB389600F4015F /* shonichiUITests.xctest */ = {isa = PBXFileReference; explicitFileType = wrapper.cfbundle; includeInIndex = 0; path = shonichiUITests.xctest; sourceTree = BUILT_PRODUCTS_DIR; };
		BE83F97324AB389600F4015F /* shonichiUITests.swift */ = {isa = PBXFileReference; lastKnownFileType = sourcecode.swift; path = shonichiUITests.swift; sourceTree = "<group>"; };
		BE83F97524AB389600F4015F /* Info.plist */ = {isa = PBXFileReference; lastKnownFileType = text.plist.xml; path = Info.plist; sourceTree = "<group>"; };
		BEAFE5C324BBD8BB009A1792 /* CharacterViewModel.swift */ = {isa = PBXFileReference; lastKnownFileType = sourcecode.swift; path = CharacterViewModel.swift; sourceTree = "<group>"; };
		BEAFE5C524BBD923009A1792 /* ModelView.swift */ = {isa = PBXFileReference; lastKnownFileType = sourcecode.swift; path = ModelView.swift; sourceTree = "<group>"; };
		BEB32B4124B8E40F004068C8 /* shonichi.xcdatamodel */ = {isa = PBXFileReference; lastKnownFileType = wrapper.xcdatamodel; path = shonichi.xcdatamodel; sourceTree = "<group>"; };
/* End PBXFileReference section */

/* Begin PBXFrameworksBuildPhase section */
		BE83F94824AB389600F4015F /* Frameworks */ = {
			isa = PBXFrameworksBuildPhase;
			buildActionMask = 2147483647;
			files = (
			);
			runOnlyForDeploymentPostprocessing = 0;
		};
		BE83F96124AB389600F4015F /* Frameworks */ = {
			isa = PBXFrameworksBuildPhase;
			buildActionMask = 2147483647;
			files = (
			);
			runOnlyForDeploymentPostprocessing = 0;
		};
		BE83F96C24AB389600F4015F /* Frameworks */ = {
			isa = PBXFrameworksBuildPhase;
			buildActionMask = 2147483647;
			files = (
			);
			runOnlyForDeploymentPostprocessing = 0;
		};
/* End PBXFrameworksBuildPhase section */

/* Begin PBXGroup section */
		BE4CD8ED24B62C28006140C3 /* Views */ = {
			isa = PBXGroup;
			children = (
				BE83F95524AB389600F4015F /* DashboardView.swift */,
				BE4CD8F124B62CCB006140C3 /* ShotEditorView.swift */,
				BE4CD8F324B6A595006140C3 /* SongEditorView.swift */,
				BE4CD8F524B6A5C4006140C3 /* FormationEditorView.swift */,
				BEAFE5C524BBD923009A1792 /* ModelView.swift */,
			);
			path = Views;
			sourceTree = "<group>";
		};
		BE4CD8EE24B62C4A006140C3 /* Utilities */ = {
			isa = PBXGroup;
			children = (
				BE5EFFC224B708650064BA18 /* RegExp.swift */,
			);
			path = Utilities;
			sourceTree = "<group>";
		};
		BE4CD8EF24B62C4C006140C3 /* Models */ = {
			isa = PBXGroup;
			children = (
				BE4CD8F724B6A6D3006140C3 /* ProjectModel.swift */,
				BE4CD8FD24B6A6FF006140C3 /* ShotModel.swift */,
				BE4CD8F924B6A6EA006140C3 /* SongModel.swift */,
				BE4CD8FF24B6A707006140C3 /* FormationModel.swift */,
				BE4CD90124B6BB65006140C3 /* CharacterModel.swift */,
			);
			path = Models;
			sourceTree = "<group>";
		};
		BE4CD8F024B62C52006140C3 /* ViewModels */ = {
			isa = PBXGroup;
			children = (
				BE4CD90624B6DD90006140C3 /* ProjectViewModel.swift */,
				BE5EFFC624B72D9D0064BA18 /* ShotViewModel.swift */,
				BE5EFFC424B72D250064BA18 /* SongViewModel.swift */,
				BE4CD90424B6D513006140C3 /* FormationViewModel.swift */,
				BEAFE5C324BBD8BB009A1792 /* CharacterViewModel.swift */,
			);
			path = ViewModels;
			sourceTree = "<group>";
		};
		BE83F94224AB389600F4015F = {
			isa = PBXGroup;
			children = (
				BE83F94D24AB389600F4015F /* shonichi */,
				BE83F96724AB389600F4015F /* shonichiTests */,
				BE83F97224AB389600F4015F /* shonichiUITests */,
				BE83F94C24AB389600F4015F /* Products */,
			);
			sourceTree = "<group>";
		};
		BE83F94C24AB389600F4015F /* Products */ = {
			isa = PBXGroup;
			children = (
				BE83F94B24AB389600F4015F /* shonichi.app */,
				BE83F96424AB389600F4015F /* shonichiTests.xctest */,
				BE83F96F24AB389600F4015F /* shonichiUITests.xctest */,
			);
			name = Products;
			sourceTree = "<group>";
		};
		BE83F94D24AB389600F4015F /* shonichi */ = {
			isa = PBXGroup;
			children = (
				BE4CD90324B6C707006140C3 /* shonichi.entitlements */,
				BE4CD8EF24B62C4C006140C3 /* Models */,
				BE4CD8F024B62C52006140C3 /* ViewModels */,
				BE4CD8ED24B62C28006140C3 /* Views */,
				BE4CD8EE24B62C4A006140C3 /* Utilities */,
				BE83F94E24AB389600F4015F /* AppDelegate.swift */,
				BE83F95024AB389600F4015F /* SceneDelegate.swift */,
				BE83F95724AB389600F4015F /* Assets.xcassets */,
				BE83F95C24AB389600F4015F /* LaunchScreen.storyboard */,
				BE83F95F24AB389600F4015F /* Info.plist */,
				BEB32B4024B8E40F004068C8 /* shonichi.xcdatamodeld */,
				BE0A521824D64A5C008913F4 /* Localizable.strings */,
				BE83F95924AB389600F4015F /* Preview Content */,
			);
			path = shonichi;
			sourceTree = "<group>";
		};
		BE83F95924AB389600F4015F /* Preview Content */ = {
			isa = PBXGroup;
			children = (
				BE83F95A24AB389600F4015F /* Preview Assets.xcassets */,
			);
			path = "Preview Content";
			sourceTree = "<group>";
		};
		BE83F96724AB389600F4015F /* shonichiTests */ = {
			isa = PBXGroup;
			children = (
				BE83F96824AB389600F4015F /* shonichiTests.swift */,
				BE83F96A24AB389600F4015F /* Info.plist */,
			);
			path = shonichiTests;
			sourceTree = "<group>";
		};
		BE83F97224AB389600F4015F /* shonichiUITests */ = {
			isa = PBXGroup;
			children = (
				BE83F97324AB389600F4015F /* shonichiUITests.swift */,
				BE83F97524AB389600F4015F /* Info.plist */,
			);
			path = shonichiUITests;
			sourceTree = "<group>";
		};
/* End PBXGroup section */

/* Begin PBXNativeTarget section */
		BE83F94A24AB389600F4015F /* shonichi */ = {
			isa = PBXNativeTarget;
			buildConfigurationList = BE83F97824AB389600F4015F /* Build configuration list for PBXNativeTarget "shonichi" */;
			buildPhases = (
				BE83F94724AB389600F4015F /* Sources */,
				BE83F94824AB389600F4015F /* Frameworks */,
				BE83F94924AB389600F4015F /* Resources */,
			);
			buildRules = (
			);
			dependencies = (
			);
			name = shonichi;
			productName = shonichi;
			productReference = BE83F94B24AB389600F4015F /* shonichi.app */;
			productType = "com.apple.product-type.application";
		};
		BE83F96324AB389600F4015F /* shonichiTests */ = {
			isa = PBXNativeTarget;
			buildConfigurationList = BE83F97B24AB389600F4015F /* Build configuration list for PBXNativeTarget "shonichiTests" */;
			buildPhases = (
				BE83F96024AB389600F4015F /* Sources */,
				BE83F96124AB389600F4015F /* Frameworks */,
				BE83F96224AB389600F4015F /* Resources */,
			);
			buildRules = (
			);
			dependencies = (
				BE83F96624AB389600F4015F /* PBXTargetDependency */,
			);
			name = shonichiTests;
			productName = shonichiTests;
			productReference = BE83F96424AB389600F4015F /* shonichiTests.xctest */;
			productType = "com.apple.product-type.bundle.unit-test";
		};
		BE83F96E24AB389600F4015F /* shonichiUITests */ = {
			isa = PBXNativeTarget;
			buildConfigurationList = BE83F97E24AB389600F4015F /* Build configuration list for PBXNativeTarget "shonichiUITests" */;
			buildPhases = (
				BE83F96B24AB389600F4015F /* Sources */,
				BE83F96C24AB389600F4015F /* Frameworks */,
				BE83F96D24AB389600F4015F /* Resources */,
			);
			buildRules = (
			);
			dependencies = (
				BE83F97124AB389600F4015F /* PBXTargetDependency */,
			);
			name = shonichiUITests;
			productName = shonichiUITests;
			productReference = BE83F96F24AB389600F4015F /* shonichiUITests.xctest */;
			productType = "com.apple.product-type.bundle.ui-testing";
		};
/* End PBXNativeTarget section */

/* Begin PBXProject section */
		BE83F94324AB389600F4015F /* Project object */ = {
			isa = PBXProject;
			attributes = {
				LastSwiftUpdateCheck = 1150;
				LastUpgradeCheck = 1200;
				ORGANIZATIONNAME = "seiya studio";
				TargetAttributes = {
					BE83F94A24AB389600F4015F = {
						CreatedOnToolsVersion = 11.5;
					};
					BE83F96324AB389600F4015F = {
						CreatedOnToolsVersion = 11.5;
						TestTargetID = BE83F94A24AB389600F4015F;
					};
					BE83F96E24AB389600F4015F = {
						CreatedOnToolsVersion = 11.5;
						TestTargetID = BE83F94A24AB389600F4015F;
					};
				};
			};
			buildConfigurationList = BE83F94624AB389600F4015F /* Build configuration list for PBXProject "shonichi" */;
			compatibilityVersion = "Xcode 9.3";
			developmentRegion = en;
			hasScannedForEncodings = 0;
			knownRegions = (
				en,
				Base,
			);
			mainGroup = BE83F94224AB389600F4015F;
			productRefGroup = BE83F94C24AB389600F4015F /* Products */;
			projectDirPath = "";
			projectRoot = "";
			targets = (
				BE83F94A24AB389600F4015F /* shonichi */,
				BE83F96324AB389600F4015F /* shonichiTests */,
				BE83F96E24AB389600F4015F /* shonichiUITests */,
			);
		};
/* End PBXProject section */

/* Begin PBXResourcesBuildPhase section */
		BE83F94924AB389600F4015F /* Resources */ = {
			isa = PBXResourcesBuildPhase;
			buildActionMask = 2147483647;
			files = (
				BE83F95E24AB389600F4015F /* LaunchScreen.storyboard in Resources */,
				BE0A521624D64A5C008913F4 /* Localizable.strings in Resources */,
				BE83F95B24AB389600F4015F /* Preview Assets.xcassets in Resources */,
				BE83F95824AB389600F4015F /* Assets.xcassets in Resources */,
			);
			runOnlyForDeploymentPostprocessing = 0;
		};
		BE83F96224AB389600F4015F /* Resources */ = {
			isa = PBXResourcesBuildPhase;
			buildActionMask = 2147483647;
			files = (
			);
			runOnlyForDeploymentPostprocessing = 0;
		};
		BE83F96D24AB389600F4015F /* Resources */ = {
			isa = PBXResourcesBuildPhase;
			buildActionMask = 2147483647;
			files = (
			);
			runOnlyForDeploymentPostprocessing = 0;
		};
/* End PBXResourcesBuildPhase section */

/* Begin PBXSourcesBuildPhase section */
		BE83F94724AB389600F4015F /* Sources */ = {
			isa = PBXSourcesBuildPhase;
			buildActionMask = 2147483647;
			files = (
				BE4CD8F424B6A595006140C3 /* SongEditorView.swift in Sources */,
				BE5EFFC324B708650064BA18 /* RegExp.swift in Sources */,
				BE83F94F24AB389600F4015F /* AppDelegate.swift in Sources */,
				BEB32B4224B8E40F004068C8 /* shonichi.xcdatamodeld in Sources */,
				BE4CD90724B6DD90006140C3 /* ProjectViewModel.swift in Sources */,
				BE83F95624AB389600F4015F /* DashboardView.swift in Sources */,
				BE4CD8FE24B6A6FF006140C3 /* ShotModel.swift in Sources */,
				BE4CD90224B6BB66006140C3 /* CharacterModel.swift in Sources */,
				BE5EFFC524B72D250064BA18 /* SongViewModel.swift in Sources */,
				BEAFE5C424BBD8BB009A1792 /* CharacterViewModel.swift in Sources */,
				BE83F95124AB389600F4015F /* SceneDelegate.swift in Sources */,
				BE4CD90024B6A707006140C3 /* FormationModel.swift in Sources */,
				BE5EFFC724B72D9D0064BA18 /* ShotViewModel.swift in Sources */,
				BEAFE5C624BBD923009A1792 /* ModelView.swift in Sources */,
				BE4CD8F824B6A6D3006140C3 /* ProjectModel.swift in Sources */,
				BE4CD8FA24B6A6EA006140C3 /* SongModel.swift in Sources */,
				BE4CD8F224B62CCB006140C3 /* ShotEditorView.swift in Sources */,
				BE4CD90524B6D513006140C3 /* FormationViewModel.swift in Sources */,
				BE4CD8F624B6A5C4006140C3 /* FormationEditorView.swift in Sources */,
			);
			runOnlyForDeploymentPostprocessing = 0;
		};
		BE83F96024AB389600F4015F /* Sources */ = {
			isa = PBXSourcesBuildPhase;
			buildActionMask = 2147483647;
			files = (
				BE83F96924AB389600F4015F /* shonichiTests.swift in Sources */,
			);
			runOnlyForDeploymentPostprocessing = 0;
		};
		BE83F96B24AB389600F4015F /* Sources */ = {
			isa = PBXSourcesBuildPhase;
			buildActionMask = 2147483647;
			files = (
				BE83F97424AB389600F4015F /* shonichiUITests.swift in Sources */,
			);
			runOnlyForDeploymentPostprocessing = 0;
		};
/* End PBXSourcesBuildPhase section */

/* Begin PBXTargetDependency section */
		BE83F96624AB389600F4015F /* PBXTargetDependency */ = {
			isa = PBXTargetDependency;
			target = BE83F94A24AB389600F4015F /* shonichi */;
			targetProxy = BE83F96524AB389600F4015F /* PBXContainerItemProxy */;
		};
		BE83F97124AB389600F4015F /* PBXTargetDependency */ = {
			isa = PBXTargetDependency;
			target = BE83F94A24AB389600F4015F /* shonichi */;
			targetProxy = BE83F97024AB389600F4015F /* PBXContainerItemProxy */;
		};
/* End PBXTargetDependency section */

/* Begin PBXVariantGroup section */
		BE0A521824D64A5C008913F4 /* Localizable.strings */ = {
			isa = PBXVariantGroup;
			children = (
				BE0A521724D64A5C008913F4 /* en */,
			);
			name = Localizable.strings;
			sourceTree = "<group>";
		};
		BE83F95C24AB389600F4015F /* LaunchScreen.storyboard */ = {
			isa = PBXVariantGroup;
			children = (
				BE83F95D24AB389600F4015F /* Base */,
			);
			name = LaunchScreen.storyboard;
			sourceTree = "<group>";
		};
/* End PBXVariantGroup section */

/* Begin XCBuildConfiguration section */
		BE83F97624AB389600F4015F /* Debug */ = {
			isa = XCBuildConfiguration;
			buildSettings = {
				ALWAYS_SEARCH_USER_PATHS = NO;
				CLANG_ANALYZER_NONNULL = YES;
				CLANG_ANALYZER_NUMBER_OBJECT_CONVERSION = YES_AGGRESSIVE;
				CLANG_CXX_LANGUAGE_STANDARD = "gnu++14";
				CLANG_CXX_LIBRARY = "libc++";
				CLANG_ENABLE_MODULES = YES;
				CLANG_ENABLE_OBJC_ARC = YES;
				CLANG_ENABLE_OBJC_WEAK = YES;
				CLANG_WARN_BLOCK_CAPTURE_AUTORELEASING = YES;
				CLANG_WARN_BOOL_CONVERSION = YES;
				CLANG_WARN_COMMA = YES;
				CLANG_WARN_CONSTANT_CONVERSION = YES;
				CLANG_WARN_DEPRECATED_OBJC_IMPLEMENTATIONS = YES;
				CLANG_WARN_DIRECT_OBJC_ISA_USAGE = YES_ERROR;
				CLANG_WARN_DOCUMENTATION_COMMENTS = YES;
				CLANG_WARN_EMPTY_BODY = YES;
				CLANG_WARN_ENUM_CONVERSION = YES;
				CLANG_WARN_INFINITE_RECURSION = YES;
				CLANG_WARN_INT_CONVERSION = YES;
				CLANG_WARN_NON_LITERAL_NULL_CONVERSION = YES;
				CLANG_WARN_OBJC_IMPLICIT_RETAIN_SELF = YES;
				CLANG_WARN_OBJC_LITERAL_CONVERSION = YES;
				CLANG_WARN_OBJC_ROOT_CLASS = YES_ERROR;
				CLANG_WARN_QUOTED_INCLUDE_IN_FRAMEWORK_HEADER = YES;
				CLANG_WARN_RANGE_LOOP_ANALYSIS = YES;
				CLANG_WARN_STRICT_PROTOTYPES = YES;
				CLANG_WARN_SUSPICIOUS_MOVE = YES;
				CLANG_WARN_UNGUARDED_AVAILABILITY = YES_AGGRESSIVE;
				CLANG_WARN_UNREACHABLE_CODE = YES;
				CLANG_WARN__DUPLICATE_METHOD_MATCH = YES;
				COPY_PHASE_STRIP = NO;
				DEBUG_INFORMATION_FORMAT = dwarf;
				ENABLE_STRICT_OBJC_MSGSEND = YES;
				ENABLE_TESTABILITY = YES;
				GCC_C_LANGUAGE_STANDARD = gnu11;
				GCC_DYNAMIC_NO_PIC = NO;
				GCC_NO_COMMON_BLOCKS = YES;
				GCC_OPTIMIZATION_LEVEL = 0;
				GCC_PREPROCESSOR_DEFINITIONS = (
					"DEBUG=1",
					"$(inherited)",
				);
				GCC_WARN_64_TO_32_BIT_CONVERSION = YES;
				GCC_WARN_ABOUT_RETURN_TYPE = YES_ERROR;
				GCC_WARN_UNDECLARED_SELECTOR = YES;
				GCC_WARN_UNINITIALIZED_AUTOS = YES_AGGRESSIVE;
				GCC_WARN_UNUSED_FUNCTION = YES;
				GCC_WARN_UNUSED_VARIABLE = YES;
				IPHONEOS_DEPLOYMENT_TARGET = 13.5;
				MTL_ENABLE_DEBUG_INFO = INCLUDE_SOURCE;
				MTL_FAST_MATH = YES;
				ONLY_ACTIVE_ARCH = YES;
				SDKROOT = iphoneos;
				SWIFT_ACTIVE_COMPILATION_CONDITIONS = DEBUG;
				SWIFT_OPTIMIZATION_LEVEL = "-Onone";
			};
			name = Debug;
		};
		BE83F97724AB389600F4015F /* Release */ = {
			isa = XCBuildConfiguration;
			buildSettings = {
				ALWAYS_SEARCH_USER_PATHS = NO;
				CLANG_ANALYZER_NONNULL = YES;
				CLANG_ANALYZER_NUMBER_OBJECT_CONVERSION = YES_AGGRESSIVE;
				CLANG_CXX_LANGUAGE_STANDARD = "gnu++14";
				CLANG_CXX_LIBRARY = "libc++";
				CLANG_ENABLE_MODULES = YES;
				CLANG_ENABLE_OBJC_ARC = YES;
				CLANG_ENABLE_OBJC_WEAK = YES;
				CLANG_WARN_BLOCK_CAPTURE_AUTORELEASING = YES;
				CLANG_WARN_BOOL_CONVERSION = YES;
				CLANG_WARN_COMMA = YES;
				CLANG_WARN_CONSTANT_CONVERSION = YES;
				CLANG_WARN_DEPRECATED_OBJC_IMPLEMENTATIONS = YES;
				CLANG_WARN_DIRECT_OBJC_ISA_USAGE = YES_ERROR;
				CLANG_WARN_DOCUMENTATION_COMMENTS = YES;
				CLANG_WARN_EMPTY_BODY = YES;
				CLANG_WARN_ENUM_CONVERSION = YES;
				CLANG_WARN_INFINITE_RECURSION = YES;
				CLANG_WARN_INT_CONVERSION = YES;
				CLANG_WARN_NON_LITERAL_NULL_CONVERSION = YES;
				CLANG_WARN_OBJC_IMPLICIT_RETAIN_SELF = YES;
				CLANG_WARN_OBJC_LITERAL_CONVERSION = YES;
				CLANG_WARN_OBJC_ROOT_CLASS = YES_ERROR;
				CLANG_WARN_QUOTED_INCLUDE_IN_FRAMEWORK_HEADER = YES;
				CLANG_WARN_RANGE_LOOP_ANALYSIS = YES;
				CLANG_WARN_STRICT_PROTOTYPES = YES;
				CLANG_WARN_SUSPICIOUS_MOVE = YES;
				CLANG_WARN_UNGUARDED_AVAILABILITY = YES_AGGRESSIVE;
				CLANG_WARN_UNREACHABLE_CODE = YES;
				CLANG_WARN__DUPLICATE_METHOD_MATCH = YES;
				COPY_PHASE_STRIP = NO;
				DEBUG_INFORMATION_FORMAT = "dwarf-with-dsym";
				ENABLE_NS_ASSERTIONS = NO;
				ENABLE_STRICT_OBJC_MSGSEND = YES;
				GCC_C_LANGUAGE_STANDARD = gnu11;
				GCC_NO_COMMON_BLOCKS = YES;
				GCC_WARN_64_TO_32_BIT_CONVERSION = YES;
				GCC_WARN_ABOUT_RETURN_TYPE = YES_ERROR;
				GCC_WARN_UNDECLARED_SELECTOR = YES;
				GCC_WARN_UNINITIALIZED_AUTOS = YES_AGGRESSIVE;
				GCC_WARN_UNUSED_FUNCTION = YES;
				GCC_WARN_UNUSED_VARIABLE = YES;
				IPHONEOS_DEPLOYMENT_TARGET = 13.5;
				MTL_ENABLE_DEBUG_INFO = NO;
				MTL_FAST_MATH = YES;
				SDKROOT = iphoneos;
				SWIFT_COMPILATION_MODE = wholemodule;
				SWIFT_OPTIMIZATION_LEVEL = "-O";
				VALIDATE_PRODUCT = YES;
			};
			name = Release;
		};
		BE83F97924AB389600F4015F /* Debug */ = {
			isa = XCBuildConfiguration;
			buildSettings = {
				ASSETCATALOG_COMPILER_APPICON_NAME = AppIcon;
				CODE_SIGN_ENTITLEMENTS = shonichi/shonichi.entitlements;
				CODE_SIGN_IDENTITY = "Apple Development";
				CODE_SIGN_STYLE = Automatic;
				DEVELOPMENT_ASSET_PATHS = "\"shonichi/Preview Content\"";
				DEVELOPMENT_TEAM = CTS575YL8S;
				ENABLE_PREVIEWS = YES;
				INFOPLIST_FILE = shonichi/Info.plist;
				LD_RUNPATH_SEARCH_PATHS = (
					"$(inherited)",
					"@executable_path/Frameworks",
				);
				PRODUCT_BUNDLE_IDENTIFIER = seiya.shonichi;
				PRODUCT_NAME = "$(TARGET_NAME)";
				PROVISIONING_PROFILE_SPECIFIER = "";
				SUPPORTS_MACCATALYST = YES;
				SWIFT_VERSION = 5.0;
				TARGETED_DEVICE_FAMILY = "1,2";
			};
			name = Debug;
		};
		BE83F97A24AB389600F4015F /* Release */ = {
			isa = XCBuildConfiguration;
			buildSettings = {
				ASSETCATALOG_COMPILER_APPICON_NAME = AppIcon;
				CODE_SIGN_ENTITLEMENTS = shonichi/shonichi.entitlements;
				CODE_SIGN_IDENTITY = "Apple Development";
				CODE_SIGN_STYLE = Automatic;
				DEVELOPMENT_ASSET_PATHS = "\"shonichi/Preview Content\"";
				DEVELOPMENT_TEAM = CTS575YL8S;
				ENABLE_PREVIEWS = YES;
				INFOPLIST_FILE = shonichi/Info.plist;
				LD_RUNPATH_SEARCH_PATHS = (
					"$(inherited)",
					"@executable_path/Frameworks",
				);
				PRODUCT_BUNDLE_IDENTIFIER = seiya.shonichi;
				PRODUCT_NAME = "$(TARGET_NAME)";
				PROVISIONING_PROFILE_SPECIFIER = "";
				SUPPORTS_MACCATALYST = YES;
				SWIFT_VERSION = 5.0;
				TARGETED_DEVICE_FAMILY = "1,2";
			};
			name = Release;
		};
		BE83F97C24AB389600F4015F /* Debug */ = {
			isa = XCBuildConfiguration;
			buildSettings = {
				ALWAYS_EMBED_SWIFT_STANDARD_LIBRARIES = YES;
				BUNDLE_LOADER = "$(TEST_HOST)";
				CODE_SIGN_STYLE = Automatic;
				DEVELOPMENT_TEAM = CTS575YL8S;
				INFOPLIST_FILE = shonichiTests/Info.plist;
				IPHONEOS_DEPLOYMENT_TARGET = 13.5;
				LD_RUNPATH_SEARCH_PATHS = (
					"$(inherited)",
					"@executable_path/Frameworks",
					"@loader_path/Frameworks",
				);
				PRODUCT_BUNDLE_IDENTIFIER = studio.seiya.shonichiTests;
				PRODUCT_NAME = "$(TARGET_NAME)";
				SWIFT_VERSION = 5.0;
				TARGETED_DEVICE_FAMILY = "1,2";
				TEST_HOST = "$(BUILT_PRODUCTS_DIR)/shonichi.app/shonichi";
			};
			name = Debug;
		};
		BE83F97D24AB389600F4015F /* Release */ = {
			isa = XCBuildConfiguration;
			buildSettings = {
				ALWAYS_EMBED_SWIFT_STANDARD_LIBRARIES = YES;
				BUNDLE_LOADER = "$(TEST_HOST)";
				CODE_SIGN_STYLE = Automatic;
				DEVELOPMENT_TEAM = CTS575YL8S;
				INFOPLIST_FILE = shonichiTests/Info.plist;
				IPHONEOS_DEPLOYMENT_TARGET = 13.5;
				LD_RUNPATH_SEARCH_PATHS = (
					"$(inherited)",
					"@executable_path/Frameworks",
					"@loader_path/Frameworks",
				);
				PRODUCT_BUNDLE_IDENTIFIER = studio.seiya.shonichiTests;
				PRODUCT_NAME = "$(TARGET_NAME)";
				SWIFT_VERSION = 5.0;
				TARGETED_DEVICE_FAMILY = "1,2";
				TEST_HOST = "$(BUILT_PRODUCTS_DIR)/shonichi.app/shonichi";
			};
			name = Release;
		};
		BE83F97F24AB389600F4015F /* Debug */ = {
			isa = XCBuildConfiguration;
			buildSettings = {
				ALWAYS_EMBED_SWIFT_STANDARD_LIBRARIES = YES;
				CODE_SIGN_STYLE = Automatic;
				DEVELOPMENT_TEAM = CTS575YL8S;
				INFOPLIST_FILE = shonichiUITests/Info.plist;
				LD_RUNPATH_SEARCH_PATHS = (
					"$(inherited)",
					"@executable_path/Frameworks",
					"@loader_path/Frameworks",
				);
				PRODUCT_BUNDLE_IDENTIFIER = studio.seiya.shonichiUITests;
				PRODUCT_NAME = "$(TARGET_NAME)";
				SWIFT_VERSION = 5.0;
				TARGETED_DEVICE_FAMILY = "1,2";
				TEST_TARGET_NAME = shonichi;
			};
			name = Debug;
		};
		BE83F98024AB389600F4015F /* Release */ = {
			isa = XCBuildConfiguration;
			buildSettings = {
				ALWAYS_EMBED_SWIFT_STANDARD_LIBRARIES = YES;
				CODE_SIGN_STYLE = Automatic;
				DEVELOPMENT_TEAM = CTS575YL8S;
				INFOPLIST_FILE = shonichiUITests/Info.plist;
				LD_RUNPATH_SEARCH_PATHS = (
					"$(inherited)",
					"@executable_path/Frameworks",
					"@loader_path/Frameworks",
				);
				PRODUCT_BUNDLE_IDENTIFIER = studio.seiya.shonichiUITests;
				PRODUCT_NAME = "$(TARGET_NAME)";
				SWIFT_VERSION = 5.0;
				TARGETED_DEVICE_FAMILY = "1,2";
				TEST_TARGET_NAME = shonichi;
			};
			name = Release;
		};
/* End XCBuildConfiguration section */

/* Begin XCConfigurationList section */
		BE83F94624AB389600F4015F /* Build configuration list for PBXProject "shonichi" */ = {
			isa = XCConfigurationList;
			buildConfigurations = (
				BE83F97624AB389600F4015F /* Debug */,
				BE83F97724AB389600F4015F /* Release */,
			);
			defaultConfigurationIsVisible = 0;
			defaultConfigurationName = Release;
		};
		BE83F97824AB389600F4015F /* Build configuration list for PBXNativeTarget "shonichi" */ = {
			isa = XCConfigurationList;
			buildConfigurations = (
				BE83F97924AB389600F4015F /* Debug */,
				BE83F97A24AB389600F4015F /* Release */,
			);
			defaultConfigurationIsVisible = 0;
			defaultConfigurationName = Release;
		};
		BE83F97B24AB389600F4015F /* Build configuration list for PBXNativeTarget "shonichiTests" */ = {
			isa = XCConfigurationList;
			buildConfigurations = (
				BE83F97C24AB389600F4015F /* Debug */,
				BE83F97D24AB389600F4015F /* Release */,
			);
			defaultConfigurationIsVisible = 0;
			defaultConfigurationName = Release;
		};
		BE83F97E24AB389600F4015F /* Build configuration list for PBXNativeTarget "shonichiUITests" */ = {
			isa = XCConfigurationList;
			buildConfigurations = (
				BE83F97F24AB389600F4015F /* Debug */,
				BE83F98024AB389600F4015F /* Release */,
			);
			defaultConfigurationIsVisible = 0;
			defaultConfigurationName = Release;
		};
/* End XCConfigurationList section */

/* Begin XCVersionGroup section */
		BEB32B4024B8E40F004068C8 /* shonichi.xcdatamodeld */ = {
			isa = XCVersionGroup;
			children = (
				BEB32B4124B8E40F004068C8 /* shonichi.xcdatamodel */,
			);
			currentVersion = BEB32B4124B8E40F004068C8 /* shonichi.xcdatamodel */;
			path = shonichi.xcdatamodeld;
			sourceTree = "<group>";
			versionGroupType = wrapper.xcdatamodel;
		};
/* End XCVersionGroup section */
	};
	rootObject = BE83F94324AB389600F4015F /* Project object */;
}
