PODS:
  - Firebase/Analytics (6.18.0):
    - Firebase/Core
  - Firebase/Core (6.18.0):
    - Firebase/CoreOnly
    - FirebaseAnalytics (= 6.3.0)
  - Firebase/CoreOnly (6.18.0):
    - FirebaseCore (= 6.6.3)
  - Firebase/Database (6.18.0):
    - Firebase/CoreOnly
    - FirebaseDatabase (~> 6.1.4)
  - firebase_core (0.0.1):
    - Firebase/Core
    - Flutter
  - firebase_database (0.0.1):
    - Firebase/Database
    - Flutter
  - FirebaseAnalytics (6.3.0):
    - FirebaseCore (~> 6.6)
    - FirebaseInstallations (~> 1.1)
    - GoogleAppMeasurement (= 6.3.0)
    - GoogleUtilities/AppDelegateSwizzler (~> 6.0)
    - GoogleUtilities/MethodSwizzler (~> 6.0)
    - GoogleUtilities/Network (~> 6.0)
    - "GoogleUtilities/NSData+zlib (~> 6.0)"
    - nanopb (= 0.3.9011)
  - FirebaseAuthInterop (1.1.0)
  - FirebaseCore (6.6.3):
    - FirebaseCoreDiagnostics (~> 1.2)
    - FirebaseCoreDiagnosticsInterop (~> 1.2)
    - GoogleUtilities/Environment (~> 6.5)
    - GoogleUtilities/Logger (~> 6.5)
  - FirebaseCoreDiagnostics (1.2.4):
    - FirebaseCoreDiagnosticsInterop (~> 1.2)
    - GoogleDataTransportCCTSupport (~> 3.0)
    - GoogleUtilities/Environment (~> 6.5)
    - GoogleUtilities/Logger (~> 6.5)
    - nanopb (~> 0.3.901)
  - FirebaseCoreDiagnosticsInterop (1.2.0)
  - FirebaseDatabase (6.1.4):
    - FirebaseAuthInterop (~> 1.0)
    - FirebaseCore (~> 6.0)
    - leveldb-library (~> 1.22)
  - FirebaseInstallations (1.1.0):
    - FirebaseCore (~> 6.6)
    - GoogleUtilities/UserDefaults (~> 6.5)
    - PromisesObjC (~> 1.2)
  - Flutter (1.0.0)
  - FlutterPluginRegistrant (0.0.1):
    - firebase_core
    - firebase_database
    - Flutter
    - image_picker
    - path_provider
    - shared_preferences
    - sqflite
    - video_player
    - wakelock
  - FMDB (2.7.5):
    - FMDB/standard (= 2.7.5)
  - FMDB/standard (2.7.5)
  - GoogleAppMeasurement (6.3.0):
    - GoogleUtilities/AppDelegateSwizzler (~> 6.0)
    - GoogleUtilities/MethodSwizzler (~> 6.0)
    - GoogleUtilities/Network (~> 6.0)
    - "GoogleUtilities/NSData+zlib (~> 6.0)"
    - nanopb (= 0.3.9011)
  - GoogleDataTransport (6.2.1)
  - GoogleDataTransportCCTSupport (3.0.0):
    - GoogleDataTransport (~> 6.0)
    - nanopb (~> 0.3.901)
  - GoogleUtilities/AppDelegateSwizzler (6.7.2):
    - GoogleUtilities/Environment
    - GoogleUtilities/Logger
    - GoogleUtilities/Network
  - GoogleUtilities/Environment (6.7.2):
    - PromisesObjC (~> 1.2)
  - GoogleUtilities/Logger (6.7.2):
    - GoogleUtilities/Environment
  - GoogleUtilities/MethodSwizzler (6.7.2):
    - GoogleUtilities/Logger
  - GoogleUtilities/Network (6.7.2):
    - GoogleUtilities/Logger
    - "GoogleUtilities/NSData+zlib"
    - GoogleUtilities/Reachability
  - "GoogleUtilities/NSData+zlib (6.7.2)"
  - GoogleUtilities/Reachability (6.7.2):
    - GoogleUtilities/Logger
  - GoogleUtilities/UserDefaults (6.7.2):
    - GoogleUtilities/Logger
  - image_picker (0.0.1):
    - Flutter
  - leveldb-library (1.22)
  - nanopb (0.3.9011):
    - nanopb/decode (= 0.3.9011)
    - nanopb/encode (= 0.3.9011)
  - nanopb/decode (0.3.9011)
  - nanopb/encode (0.3.9011)
  - path_provider (0.0.1):
    - Flutter
  - PromisesObjC (1.2.12)
  - shared_preferences (0.0.1):
    - Flutter
  - shonichi_flutter_module (0.0.1):
    - Flutter
  - sqflite (0.0.2):
    - Flutter
    - FMDB (>= 2.7.5)
  - video_player (0.0.1):
    - Flutter
  - wakelock (0.0.1):
    - Flutter

DEPENDENCIES:
  - Firebase/Analytics
  - firebase_core (from `flutter_module/.ios/Flutter/.symlinks/firebase_core/ios`)
  - firebase_database (from `flutter_module/.ios/Flutter/.symlinks/firebase_database/ios`)
  - Flutter (from `flutter_module/.ios/Flutter/engine`)
  - FlutterPluginRegistrant (from `flutter_module/.ios/Flutter/FlutterPluginRegistrant`)
  - image_picker (from `flutter_module/.ios/Flutter/.symlinks/image_picker/ios`)
  - path_provider (from `flutter_module/.ios/Flutter/.symlinks/path_provider/ios`)
  - shared_preferences (from `flutter_module/.ios/Flutter/.symlinks/shared_preferences/ios`)
  - shonichi_flutter_module (from `flutter_module/.ios/Flutter`)
  - sqflite (from `flutter_module/.ios/Flutter/.symlinks/sqflite/ios`)
  - video_player (from `flutter_module/.ios/Flutter/.symlinks/video_player/ios`)
  - wakelock (from `flutter_module/.ios/Flutter/.symlinks/wakelock/ios`)

SPEC REPOS:
  trunk:
    - Firebase
    - FirebaseAnalytics
    - FirebaseAuthInterop
    - FirebaseCore
    - FirebaseCoreDiagnostics
    - FirebaseCoreDiagnosticsInterop
    - FirebaseDatabase
    - FirebaseInstallations
    - FMDB
    - GoogleAppMeasurement
    - GoogleDataTransport
    - GoogleDataTransportCCTSupport
    - GoogleUtilities
    - leveldb-library
    - nanopb
    - PromisesObjC

EXTERNAL SOURCES:
  firebase_core:
    :path: flutter_module/.ios/Flutter/.symlinks/firebase_core/ios
  firebase_database:
    :path: flutter_module/.ios/Flutter/.symlinks/firebase_database/ios
  Flutter:
    :path: flutter_module/.ios/Flutter/engine
  FlutterPluginRegistrant:
    :path: flutter_module/.ios/Flutter/FlutterPluginRegistrant
  image_picker:
    :path: flutter_module/.ios/Flutter/.symlinks/image_picker/ios
  path_provider:
    :path: flutter_module/.ios/Flutter/.symlinks/path_provider/ios
  shared_preferences:
    :path: flutter_module/.ios/Flutter/.symlinks/shared_preferences/ios
  shonichi_flutter_module:
    :path: flutter_module/.ios/Flutter
  sqflite:
    :path: flutter_module/.ios/Flutter/.symlinks/sqflite/ios
  video_player:
    :path: flutter_module/.ios/Flutter/.symlinks/video_player/ios
  wakelock:
    :path: flutter_module/.ios/Flutter/.symlinks/wakelock/ios

SPEC CHECKSUMS:
  Firebase: 0490eca762a72e4f1582319539153897f1508dee
  firebase_core: 335c02abd48672b7c83c683df833d0488a72e73e
  firebase_database: 88085c38a41ad0b5c3c611ede7205831a2ece844
  FirebaseAnalytics: 058d71e714a1a6804d9e0f25e3bb18e377a51579
  FirebaseAuthInterop: a0f37ae05833af156e72028f648d313f7e7592e9
  FirebaseCore: 78276943ad85e616dfa54dafa6c89512987d9d60
  FirebaseCoreDiagnostics: b59c024493a409f8aecba02c99928d0d8431d159
  FirebaseCoreDiagnosticsInterop: 296e2c5f5314500a850ad0b83e9e7c10b011a850
  FirebaseDatabase: 0144e0706a4761f1b0e8679572eba8095ddb59be
  FirebaseInstallations: 575cd32f2aec0feeb0e44f5d0110a09e5e60b47b
  Flutter: 0e3d915762c693b495b44d77113d4970485de6ec
  FlutterPluginRegistrant: 3f59b2bc4ba60e64e9e14904bb0d09d63f0410b1
  FMDB: 2ce00b547f966261cd18927a3ddb07cb6f3db82a
  GoogleAppMeasurement: 39ecba10918b21c83877d392246157f65db351cf
  GoogleDataTransport: 9a8a16f79feffc7f42096743de2a7c4815e84020
  GoogleDataTransportCCTSupport: 0f39025e8cf51f168711bd3fb773938d7e62ddb5
  GoogleUtilities: 7f2f5a07f888cdb145101d6042bc4422f57e70b3
  image_picker: 9c3312491f862b28d21ecd8fdf0ee14e601b3f09
  leveldb-library: 55d93ee664b4007aac644a782d11da33fba316f7
  nanopb: 18003b5e52dab79db540fe93fe9579f399bd1ccd
  path_provider: abfe2b5c733d04e238b0d8691db0cfd63a27a93c
  PromisesObjC: 3113f7f76903778cf4a0586bd1ab89329a0b7b97
  shared_preferences: af6bfa751691cdc24be3045c43ec037377ada40d
  shonichi_flutter_module: b66395f5b132d299cb33e51015c9b37e0d8f7f96
  sqflite: 6d358c025f5b867b29ed92fc697fd34924e11904
  video_player: 9cc823b1d9da7e8427ee591e8438bfbcde500e6e
  wakelock: bfc7955c418d0db797614075aabbc58a39ab5107

PODFILE CHECKSUM: 8e1bb5f54d0da7bacd30faba989b02ecc08abb5f

COCOAPODS: 1.10.1
